
Microsoft Visual Studio Solution File, Format Version 12.00
# Visual Studio Version 17
VisualStudioVersion = 17.4.33110.190
MinimumVisualStudioVersion = 10.0.40219.1
Project("{9A19103F-16F7-4668-BE54-9A1E7A4F7556}") = "Prestadito.External.API", "Prestadito.External.API\Prestadito.External.API.csproj", "{B70DB6E4-1A60-449F-AC98-E4C033170AE4}"
EndProject
Project("{2150E333-8FDC-42A3-9474-1A3956D46DE8}") = "2. Application", "2. Application", "{35BABBA2-6A46-4265-89AC-6B54587FAC2C}"
EndProject
Project("{2150E333-8FDC-42A3-9474-1A3956D46DE8}") = "3. Domain", "3. Domain", "{ACCB63C8-A4A5-4F68-9219-2F1699B64C46}"
EndProject
Project("{2150E333-8FDC-42A3-9474-1A3956D46DE8}") = "4. Infrastructure", "4. Infrastructure", "{1D646BA9-3E14-4486-A3E5-084D68B5ABE2}"
EndProject
Project("{9A19103F-16F7-4668-BE54-9A1E7A4F7556}") = "Prestadito.External.Application.Dto", "Prestadito.External.Application.Dto\Prestadito.External.Application.Dto.csproj", "{65DEBFC4-4B41-4B3A-913E-A0649AE22745}"
EndProject
Project("{9A19103F-16F7-4668-BE54-9A1E7A4F7556}") = "Prestadito.External.Application.Manager", "Prestadito.External.Application.Manager\Prestadito.External.Application.Manager.csproj", "{3035D8DA-51A4-46CE-9F14-62FBA7794DFD}"
EndProject
Project("{9A19103F-16F7-4668-BE54-9A1E7A4F7556}") = "Prestadito.External.Domain.MainModule", "Prestadito.External.Domain.MainModule\Prestadito.External.Domain.MainModule.csproj", "{F9FDBEDE-CB51-4030-95CB-B108086B017C}"
EndProject
Project("{9A19103F-16F7-4668-BE54-9A1E7A4F7556}") = "Prestadito.External.Infrastructure.Data", "Prestadito.External.Infrastructure.Data\Prestadito.External.Infrastructure.Data.csproj", "{20ADF302-8391-4501-ABF0-19A6D0B11CF5}"
EndProject
Project("{9A19103F-16F7-4668-BE54-9A1E7A4F7556}") = "Prestadito.External.Infrastructure.Proxies", "Prestadito.External.Infrastructure.Proxies\Prestadito.External.Infrastructure.Proxies.csproj", "{2CD18081-C8BE-4699-AE1F-03B1956D75DC}"
EndProject
Global
	GlobalSection(SolutionConfigurationPlatforms) = preSolution
		Debug|Any CPU = Debug|Any CPU
		Release|Any CPU = Release|Any CPU
	EndGlobalSection
	GlobalSection(ProjectConfigurationPlatforms) = postSolution
		{B70DB6E4-1A60-449F-AC98-E4C033170AE4}.Debug|Any CPU.ActiveCfg = Debug|Any CPU
		{B70DB6E4-1A60-449F-AC98-E4C033170AE4}.Debug|Any CPU.Build.0 = Debug|Any CPU
		{B70DB6E4-1A60-449F-AC98-E4C033170AE4}.Release|Any CPU.ActiveCfg = Release|Any CPU
		{B70DB6E4-1A60-449F-AC98-E4C033170AE4}.Release|Any CPU.Build.0 = Release|Any CPU
		{65DEBFC4-4B41-4B3A-913E-A0649AE22745}.Debug|Any CPU.ActiveCfg = Debug|Any CPU
		{65DEBFC4-4B41-4B3A-913E-A0649AE22745}.Debug|Any CPU.Build.0 = Debug|Any CPU
		{65DEBFC4-4B41-4B3A-913E-A0649AE22745}.Release|Any CPU.ActiveCfg = Release|Any CPU
		{65DEBFC4-4B41-4B3A-913E-A0649AE22745}.Release|Any CPU.Build.0 = Release|Any CPU
		{3035D8DA-51A4-46CE-9F14-62FBA7794DFD}.Debug|Any CPU.ActiveCfg = Debug|Any CPU
		{3035D8DA-51A4-46CE-9F14-62FBA7794DFD}.Debug|Any CPU.Build.0 = Debug|Any CPU
		{3035D8DA-51A4-46CE-9F14-62FBA7794DFD}.Release|Any CPU.ActiveCfg = Release|Any CPU
		{3035D8DA-51A4-46CE-9F14-62FBA7794DFD}.Release|Any CPU.Build.0 = Release|Any CPU
		{F9FDBEDE-CB51-4030-95CB-B108086B017C}.Debug|Any CPU.ActiveCfg = Debug|Any CPU
		{F9FDBEDE-CB51-4030-95CB-B108086B017C}.Debug|Any CPU.Build.0 = Debug|Any CPU
		{F9FDBEDE-CB51-4030-95CB-B108086B017C}.Release|Any CPU.ActiveCfg = Release|Any CPU
		{F9FDBEDE-CB51-4030-95CB-B108086B017C}.Release|Any CPU.Build.0 = Release|Any CPU
		{20ADF302-8391-4501-ABF0-19A6D0B11CF5}.Debug|Any CPU.ActiveCfg = Debug|Any CPU
		{20ADF302-8391-4501-ABF0-19A6D0B11CF5}.Debug|Any CPU.Build.0 = Debug|Any CPU
		{20ADF302-8391-4501-ABF0-19A6D0B11CF5}.Release|Any CPU.ActiveCfg = Release|Any CPU
		{20ADF302-8391-4501-ABF0-19A6D0B11CF5}.Release|Any CPU.Build.0 = Release|Any CPU
		{2CD18081-C8BE-4699-AE1F-03B1956D75DC}.Debug|Any CPU.ActiveCfg = Debug|Any CPU
		{2CD18081-C8BE-4699-AE1F-03B1956D75DC}.Debug|Any CPU.Build.0 = Debug|Any CPU
		{2CD18081-C8BE-4699-AE1F-03B1956D75DC}.Release|Any CPU.ActiveCfg = Release|Any CPU
		{2CD18081-C8BE-4699-AE1F-03B1956D75DC}.Release|Any CPU.Build.0 = Release|Any CPU
	EndGlobalSection
	GlobalSection(SolutionProperties) = preSolution
		HideSolutionNode = FALSE
	EndGlobalSection
	GlobalSection(NestedProjects) = preSolution
		{65DEBFC4-4B41-4B3A-913E-A0649AE22745} = {35BABBA2-6A46-4265-89AC-6B54587FAC2C}
		{3035D8DA-51A4-46CE-9F14-62FBA7794DFD} = {35BABBA2-6A46-4265-89AC-6B54587FAC2C}
		{F9FDBEDE-CB51-4030-95CB-B108086B017C} = {ACCB63C8-A4A5-4F68-9219-2F1699B64C46}
		{20ADF302-8391-4501-ABF0-19A6D0B11CF5} = {1D646BA9-3E14-4486-A3E5-084D68B5ABE2}
		{2CD18081-C8BE-4699-AE1F-03B1956D75DC} = {1D646BA9-3E14-4486-A3E5-084D68B5ABE2}
	EndGlobalSection
	GlobalSection(ExtensibilityGlobals) = postSolution
		SolutionGuid = {86E5CEA1-3A25-4E5C-881A-C99EE495A6F4}
	EndGlobalSection
EndGlobal
